# generated by rye
# use `rye lock` or `rye sync` to update this lockfile
#
# last locked with the following flags:
#   pre: false
#   features: []
#   all-features: false
#   with-sources: false

-e file:.
attrs==23.2.0
    # via fiona
cartopy==0.22.0
    # via datav
certifi==2024.2.2
    # via fiona
    # via pyproj
click==8.1.7
    # via click-plugins
    # via cligj
    # via fiona
click-plugins==1.1.1
    # via fiona
cligj==0.7.2
    # via fiona
contourpy==1.2.1
    # via matplotlib
cycler==0.12.1
    # via matplotlib
fiona==1.9.6
    # via geopandas
fonttools==4.50.0
    # via matplotlib
geopandas==0.14.3
    # via datav
importlib-metadata==7.1.0
    # via fiona
importlib-resources==6.4.0
    # via matplotlib
joblib==1.4.0
    # via scikit-learn
kiwisolver==1.4.5
    # via matplotlib
matplotlib==3.8.4
    # via cartopy
    # via datav
numpy==1.26.4
    # via cartopy
    # via contourpy
    # via datav
    # via matplotlib
    # via pandas
    # via scikit-learn
    # via scipy
    # via shapely
    # via xarray
packaging==24.0
    # via cartopy
    # via geopandas
    # via matplotlib
    # via xarray
pandas==2.2.1
    # via geopandas
    # via xarray
pillow==10.3.0
    # via matplotlib
pyparsing==3.1.2
    # via matplotlib
pyproj==3.6.1
    # via cartopy
    # via geopandas
pyshp==2.3.1
    # via cartopy
python-dateutil==2.9.0.post0
    # via matplotlib
    # via pandas
pytz==2024.1
    # via pandas
scikit-learn==1.4.2
    # via datav
scipy==1.13.0
    # via scikit-learn
shapely==2.0.3
    # via cartopy
    # via geopandas
six==1.16.0
    # via fiona
    # via python-dateutil
threadpoolctl==3.4.0
    # via scikit-learn
tzdata==2024.1
    # via pandas
xarray==2024.3.0
    # via datav
zipp==3.18.1
    # via importlib-metadata
    # via importlib-resources
