# generated by rye
# use `rye lock` or `rye sync` to update this lockfile
#
# last locked with the following flags:
#   pre: false
#   features: []
#   all-features: false
#   with-sources: false

-e file:.
cartopy==0.22.0
    # via datav
certifi==2024.2.2
    # via pyproj
contourpy==1.2.1
    # via matplotlib
coverage==7.4.4
    # via pytest-cov
cycler==0.12.1
    # via matplotlib
fonttools==4.50.0
    # via matplotlib
iniconfig==2.0.0
    # via pytest
kiwisolver==1.4.5
    # via matplotlib
matplotlib==3.8.3
    # via cartopy
numpy==1.26.4
    # via cartopy
    # via contourpy
    # via matplotlib
    # via shapely
packaging==24.0
    # via cartopy
    # via matplotlib
    # via pytest
pillow==10.3.0
    # via matplotlib
pluggy==1.4.0
    # via pytest
pyparsing==3.1.2
    # via matplotlib
pyproj==3.6.1
    # via cartopy
pyshp==2.3.1
    # via cartopy
pytest==8.1.1
    # via pytest-cov
pytest-cov==5.0.0
python-dateutil==2.9.0.post0
    # via matplotlib
ruff==0.3.5
shapely==2.0.3
    # via cartopy
six==1.16.0
    # via python-dateutil
